
Microsoft Visual Studio Solution File, Format Version 11.00
# Visual Studio 2010
Project("{FAE04EC0-301F-11D3-BF4B-00C04F79EFBC}") = "_flipgame", "_flipgame\_flipgame\_flipgame.csproj", "{B61768A5-7ED8-441E-BF69-E496A1053907}"
EndProject
Project("{96E2B04D-8817-42C6-938A-82C39BA4D311}") = "_flipgameContent", "_flipgame\_flipgameContent\_flipgameContent.contentproj", "{ED69AAEE-127C-4D87-8466-C5DB2530431A}"
EndProject
Global
	GlobalSection(SolutionConfigurationPlatforms) = preSolution
		Debug|x86 = Debug|x86
		Release|x86 = Release|x86
	EndGlobalSection
	GlobalSection(ProjectConfigurationPlatforms) = postSolution
		{B61768A5-7ED8-441E-BF69-E496A1053907}.Debug|x86.ActiveCfg = Debug|x86
		{B61768A5-7ED8-441E-BF69-E496A1053907}.Debug|x86.Build.0 = Debug|x86
		{B61768A5-7ED8-441E-BF69-E496A1053907}.Release|x86.ActiveCfg = Release|x86
		{B61768A5-7ED8-441E-BF69-E496A1053907}.Release|x86.Build.0 = Release|x86
		{ED69AAEE-127C-4D87-8466-C5DB2530431A}.Debug|x86.ActiveCfg = Debug|x86
		{ED69AAEE-127C-4D87-8466-C5DB2530431A}.Release|x86.ActiveCfg = Release|x86
	EndGlobalSection
	GlobalSection(SolutionProperties) = preSolution
		HideSolutionNode = FALSE
	EndGlobalSection
EndGlobal
